
Microsoft Visual Studio Solution File, Format Version 12.00
# Visual Studio 14
VisualStudioVersion = 14.0.25420.1
MinimumVisualStudioVersion = 10.0.40219.1
Project("{FAE04EC0-301F-11D3-BF4B-00C04F79EFBC}") = "AWAProtocolProjectServer", "AWAProtocolProjectServer\AWAProtocolProjectServer.csproj", "{06F492AC-16E1-4820-A800-93107FA32078}"
EndProject
Project("{FAE04EC0-301F-11D3-BF4B-00C04F79EFBC}") = "AWAProtocol", "AWAProtocol\AWAProtocol.csproj", "{74098597-AC2B-44C7-A2EB-5828FF2ADDBE}"
EndProject
Project("{FAE04EC0-301F-11D3-BF4B-00C04F79EFBC}") = "AWAProtocolUtils", "AWAProtocolUtils\AWAProtocolUtils.csproj", "{B849CC45-57BD-40D8-B711-56EBD3F778E5}"
EndProject
Global
	GlobalSection(SolutionConfigurationPlatforms) = preSolution
		Debug|Any CPU = Debug|Any CPU
		Release|Any CPU = Release|Any CPU
	EndGlobalSection
	GlobalSection(ProjectConfigurationPlatforms) = postSolution
		{06F492AC-16E1-4820-A800-93107FA32078}.Debug|Any CPU.ActiveCfg = Debug|Any CPU
		{06F492AC-16E1-4820-A800-93107FA32078}.Debug|Any CPU.Build.0 = Debug|Any CPU
		{06F492AC-16E1-4820-A800-93107FA32078}.Release|Any CPU.ActiveCfg = Release|Any CPU
		{06F492AC-16E1-4820-A800-93107FA32078}.Release|Any CPU.Build.0 = Release|Any CPU
		{74098597-AC2B-44C7-A2EB-5828FF2ADDBE}.Debug|Any CPU.ActiveCfg = Debug|Any CPU
		{74098597-AC2B-44C7-A2EB-5828FF2ADDBE}.Debug|Any CPU.Build.0 = Debug|Any CPU
		{74098597-AC2B-44C7-A2EB-5828FF2ADDBE}.Release|Any CPU.ActiveCfg = Release|Any CPU
		{74098597-AC2B-44C7-A2EB-5828FF2ADDBE}.Release|Any CPU.Build.0 = Release|Any CPU
		{B849CC45-57BD-40D8-B711-56EBD3F778E5}.Debug|Any CPU.ActiveCfg = Debug|Any CPU
		{B849CC45-57BD-40D8-B711-56EBD3F778E5}.Debug|Any CPU.Build.0 = Debug|Any CPU
		{B849CC45-57BD-40D8-B711-56EBD3F778E5}.Release|Any CPU.ActiveCfg = Release|Any CPU
		{B849CC45-57BD-40D8-B711-56EBD3F778E5}.Release|Any CPU.Build.0 = Release|Any CPU
	EndGlobalSection
	GlobalSection(SolutionProperties) = preSolution
		HideSolutionNode = FALSE
	EndGlobalSection
EndGlobal
